{
  "name": "opem-im",
  "version": "1.0.0",
  "lockfileVersion": 1,
  "requires": true,
  "dependencies": {
    "open-im-sdk": {
      "version": "1.1.1",
      "resolved": "https://registry.npmjs.org/open-im-sdk/-/open-im-sdk-1.1.1.tgz",
      "integrity": "sha512-bW4zY5ZNpZg3d+jdsITN2XiKtp939YcO5lbyMkBeNGDmxlQnvtEViRlibuinbXAaHBsrR2NfWxT/FEjAGAGVyA=="
    },
    "uview-ui": {
      "version": "2.0.3",
      "resolved": "https://registry.npmjs.org/uview-ui/-/uview-ui-2.0.3.tgz",
      "integrity": "sha512-mvCHHV98Bhb1/UbA7JwAkzx9Ng+89QIhqZjFf8POg10uvk+NJHX7H412qTaGe0j3yRvG6080r3HnfbczyRtQiQ=="
    }
  }
}
